// !$*UTF8*$!
{
	archiveVersion = 1;
	classes = {
	};
	objectVersion = 50;
	objects = {

/* Begin PBXBuildFile section */
		422A4917264757AD0060B8AB /* AppDelegate.swift in Sources */ = {isa = PBXBuildFile; fileRef = 422A4916264757AD0060B8AB /* AppDelegate.swift */; };
		422A4919264757AD0060B8AB /* SceneDelegate.swift in Sources */ = {isa = PBXBuildFile; fileRef = 422A4918264757AD0060B8AB /* SceneDelegate.swift */; };
		422A491B264757AD0060B8AB /* ViewController.swift in Sources */ = {isa = PBXBuildFile; fileRef = 422A491A264757AD0060B8AB /* ViewController.swift */; };
		422A491E264757AD0060B8AB /* Main.storyboard in Resources */ = {isa = PBXBuildFile; fileRef = 422A491C264757AD0060B8AB /* Main.storyboard */; };
		422A4920264757AE0060B8AB /* Assets.xcassets in Resources */ = {isa = PBXBuildFile; fileRef = 422A491F264757AE0060B8AB /* Assets.xcassets */; };
		422A4923264757AE0060B8AB /* LaunchScreen.storyboard in Resources */ = {isa = PBXBuildFile; fileRef = 422A4921264757AE0060B8AB /* LaunchScreen.storyboard */; };
		422A492E264757AE0060B8AB /* FRC_ScoutingTests.swift in Sources */ = {isa = PBXBuildFile; fileRef = 422A492D264757AE0060B8AB /* FRC_ScoutingTests.swift */; };
		422A4939264757AE0060B8AB /* FRC_ScoutingUITests.swift in Sources */ = {isa = PBXBuildFile; fileRef = 422A4938264757AE0060B8AB /* FRC_ScoutingUITests.swift */; };
/* End PBXBuildFile section */

/* Begin PBXContainerItemProxy section */
		422A492A264757AE0060B8AB /* PBXContainerItemProxy */ = {
			isa = PBXContainerItemProxy;
			containerPortal = 422A490B264757AD0060B8AB /* Project object */;
			proxyType = 1;
			remoteGlobalIDString = 422A4912264757AD0060B8AB;
			remoteInfo = "FRC Scouting";
		};
		422A4935264757AE0060B8AB /* PBXContainerItemProxy */ = {
			isa = PBXContainerItemProxy;
			containerPortal = 422A490B264757AD0060B8AB /* Project object */;
			proxyType = 1;
			remoteGlobalIDString = 422A4912264757AD0060B8AB;
			remoteInfo = "FRC Scouting";
		};
/* End PBXContainerItemProxy section */

/* Begin PBXFileReference section */
		422A4913264757AD0060B8AB /* FRC Scouting.app */ = {isa = PBXFileReference; explicitFileType = wrapper.application; includeInIndex = 0; path = "FRC Scouting.app"; sourceTree = BUILT_PRODUCTS_DIR; };
		422A4916264757AD0060B8AB /* AppDelegate.swift */ = {isa = PBXFileReference; lastKnownFileType = sourcecode.swift; path = AppDelegate.swift; sourceTree = "<group>"; };
		422A4918264757AD0060B8AB /* SceneDelegate.swift */ = {isa = PBXFileReference; lastKnownFileType = sourcecode.swift; path = SceneDelegate.swift; sourceTree = "<group>"; };
		422A491A264757AD0060B8AB /* ViewController.swift */ = {isa = PBXFileReference; lastKnownFileType = sourcecode.swift; path = ViewController.swift; sourceTree = "<group>"; };
		422A491D264757AD0060B8AB /* Base */ = {isa = PBXFileReference; lastKnownFileType = file.storyboard; name = Base; path = Base.lproj/Main.storyboard; sourceTree = "<group>"; };
		422A491F264757AE0060B8AB /* Assets.xcassets */ = {isa = PBXFileReference; lastKnownFileType = folder.assetcatalog; path = Assets.xcassets; sourceTree = "<group>"; };
		422A4922264757AE0060B8AB /* Base */ = {isa = PBXFileReference; lastKnownFileType = file.storyboard; name = Base; path = Base.lproj/LaunchScreen.storyboard; sourceTree = "<group>"; };
		422A4924264757AE0060B8AB /* Info.plist */ = {isa = PBXFileReference; lastKnownFileType = text.plist.xml; path = Info.plist; sourceTree = "<group>"; };
		422A4929264757AE0060B8AB /* FRC ScoutingTests.xctest */ = {isa = PBXFileReference; explicitFileType = wrapper.cfbundle; includeInIndex = 0; path = "FRC ScoutingTests.xctest"; sourceTree = BUILT_PRODUCTS_DIR; };
		422A492D264757AE0060B8AB /* FRC_ScoutingTests.swift */ = {isa = PBXFileReference; lastKnownFileType = sourcecode.swift; path = FRC_ScoutingTests.swift; sourceTree = "<group>"; };
		422A492F264757AE0060B8AB /* Info.plist */ = {isa = PBXFileReference; lastKnownFileType = text.plist.xml; path = Info.plist; sourceTree = "<group>"; };
		422A4934264757AE0060B8AB /* FRC ScoutingUITests.xctest */ = {isa = PBXFileReference; explicitFileType = wrapper.cfbundle; includeInIndex = 0; path = "FRC ScoutingUITests.xctest"; sourceTree = BUILT_PRODUCTS_DIR; };
		422A4938264757AE0060B8AB /* FRC_ScoutingUITests.swift */ = {isa = PBXFileReference; lastKnownFileType = sourcecode.swift; path = FRC_ScoutingUITests.swift; sourceTree = "<group>"; };
		422A493A264757AE0060B8AB /* Info.plist */ = {isa = PBXFileReference; lastKnownFileType = text.plist.xml; path = Info.plist; sourceTree = "<group>"; };
/* End PBXFileReference section */

/* Begin PBXFrameworksBuildPhase section */
		422A4910264757AD0060B8AB /* Frameworks */ = {
			isa = PBXFrameworksBuildPhase;
			buildActionMask = 2147483647;
			files = (
			);
			runOnlyForDeploymentPostprocessing = 0;
		};
		422A4926264757AE0060B8AB /* Frameworks */ = {
			isa = PBXFrameworksBuildPhase;
			buildActionMask = 2147483647;
			files = (
			);
			runOnlyForDeploymentPostprocessing = 0;
		};
		422A4931264757AE0060B8AB /* Frameworks */ = {
			isa = PBXFrameworksBuildPhase;
			buildActionMask = 2147483647;
			files = (
			);
			runOnlyForDeploymentPostprocessing = 0;
		};
/* End PBXFrameworksBuildPhase section */

/* Begin PBXGroup section */
		422A490A264757AD0060B8AB = {
			isa = PBXGroup;
			children = (
				422A4915264757AD0060B8AB /* FRC Scouting */,
				422A492C264757AE0060B8AB /* FRC ScoutingTests */,
				422A4937264757AE0060B8AB /* FRC ScoutingUITests */,
				422A4914264757AD0060B8AB /* Products */,
			);
			sourceTree = "<group>";
		};
		422A4914264757AD0060B8AB /* Products */ = {
			isa = PBXGroup;
			children = (
				422A4913264757AD0060B8AB /* FRC Scouting.app */,
				422A4929264757AE0060B8AB /* FRC ScoutingTests.xctest */,
				422A4934264757AE0060B8AB /* FRC ScoutingUITests.xctest */,
			);
			name = Products;
			sourceTree = "<group>";
		};
		422A4915264757AD0060B8AB /* FRC Scouting */ = {
			isa = PBXGroup;
			children = (
				422A4916264757AD0060B8AB /* AppDelegate.swift */,
				422A4918264757AD0060B8AB /* SceneDelegate.swift */,
				422A491A264757AD0060B8AB /* ViewController.swift */,
				422A491C264757AD0060B8AB /* Main.storyboard */,
				422A491F264757AE0060B8AB /* Assets.xcassets */,
				422A4921264757AE0060B8AB /* LaunchScreen.storyboard */,
				422A4924264757AE0060B8AB /* Info.plist */,
			);
			path = "FRC Scouting";
			sourceTree = "<group>";
		};
		422A492C264757AE0060B8AB /* FRC ScoutingTests */ = {
			isa = PBXGroup;
			children = (
				422A492D264757AE0060B8AB /* FRC_ScoutingTests.swift */,
				422A492F264757AE0060B8AB /* Info.plist */,
			);
			path = "FRC ScoutingTests";
			sourceTree = "<group>";
		};
		422A4937264757AE0060B8AB /* FRC ScoutingUITests */ = {
			isa = PBXGroup;
			children = (
				422A4938264757AE0060B8AB /* FRC_ScoutingUITests.swift */,
				422A493A264757AE0060B8AB /* Info.plist */,
			);
			path = "FRC ScoutingUITests";
			sourceTree = "<group>";
		};
/* End PBXGroup section */

/* Begin PBXNativeTarget section */
		422A4912264757AD0060B8AB /* FRC Scouting */ = {
			isa = PBXNativeTarget;
			buildConfigurationList = 422A493D264757AE0060B8AB /* Build configuration list for PBXNativeTarget "FRC Scouting" */;
			buildPhases = (
				422A490F264757AD0060B8AB /* Sources */,
				422A4910264757AD0060B8AB /* Frameworks */,
				422A4911264757AD0060B8AB /* Resources */,
			);
			buildRules = (
			);
			dependencies = (
			);
			name = "FRC Scouting";
			productName = "FRC Scouting";
			productReference = 422A4913264757AD0060B8AB /* FRC Scouting.app */;
			productType = "com.apple.product-type.application";
		};
		422A4928264757AE0060B8AB /* FRC ScoutingTests */ = {
			isa = PBXNativeTarget;
			buildConfigurationList = 422A4940264757AE0060B8AB /* Build configuration list for PBXNativeTarget "FRC ScoutingTests" */;
			buildPhases = (
				422A4925264757AE0060B8AB /* Sources */,
				422A4926264757AE0060B8AB /* Frameworks */,
				422A4927264757AE0060B8AB /* Resources */,
			);
			buildRules = (
			);
			dependencies = (
				422A492B264757AE0060B8AB /* PBXTargetDependency */,
			);
			name = "FRC ScoutingTests";
			productName = "FRC ScoutingTests";
			productReference = 422A4929264757AE0060B8AB /* FRC ScoutingTests.xctest */;
			productType = "com.apple.product-type.bundle.unit-test";
		};
		422A4933264757AE0060B8AB /* FRC ScoutingUITests */ = {
			isa = PBXNativeTarget;
			buildConfigurationList = 422A4943264757AE0060B8AB /* Build configuration list for PBXNativeTarget "FRC ScoutingUITests" */;
			buildPhases = (
				422A4930264757AE0060B8AB /* Sources */,
				422A4931264757AE0060B8AB /* Frameworks */,
				422A4932264757AE0060B8AB /* Resources */,
			);
			buildRules = (
			);
			dependencies = (
				422A4936264757AE0060B8AB /* PBXTargetDependency */,
			);
			name = "FRC ScoutingUITests";
			productName = "FRC ScoutingUITests";
			productReference = 422A4934264757AE0060B8AB /* FRC ScoutingUITests.xctest */;
			productType = "com.apple.product-type.bundle.ui-testing";
		};
/* End PBXNativeTarget section */

/* Begin PBXProject section */
		422A490B264757AD0060B8AB /* Project object */ = {
			isa = PBXProject;
			attributes = {
				LastSwiftUpdateCheck = 1250;
				LastUpgradeCheck = 1250;
				TargetAttributes = {
					422A4912264757AD0060B8AB = {
						CreatedOnToolsVersion = 12.5;
					};
					422A4928264757AE0060B8AB = {
						CreatedOnToolsVersion = 12.5;
						TestTargetID = 422A4912264757AD0060B8AB;
					};
					422A4933264757AE0060B8AB = {
						CreatedOnToolsVersion = 12.5;
						TestTargetID = 422A4912264757AD0060B8AB;
					};
				};
			};
			buildConfigurationList = 422A490E264757AD0060B8AB /* Build configuration list for PBXProject "FRC Scouting" */;
			compatibilityVersion = "Xcode 9.3";
			developmentRegion = en;
			hasScannedForEncodings = 0;
			knownRegions = (
				en,
				Base,
			);
			mainGroup = 422A490A264757AD0060B8AB;
			productRefGroup = 422A4914264757AD0060B8AB /* Products */;
			projectDirPath = "";
			projectRoot = "";
			targets = (
				422A4912264757AD0060B8AB /* FRC Scouting */,
				422A4928264757AE0060B8AB /* FRC ScoutingTests */,
				422A4933264757AE0060B8AB /* FRC ScoutingUITests */,
			);
		};
/* End PBXProject section */

/* Begin PBXResourcesBuildPhase section */
		422A4911264757AD0060B8AB /* Resources */ = {
			isa = PBXResourcesBuildPhase;
			buildActionMask = 2147483647;
			files = (
				422A4923264757AE0060B8AB /* LaunchScreen.storyboard in Resources */,
				422A4920264757AE0060B8AB /* Assets.xcassets in Resources */,
				422A491E264757AD0060B8AB /* Main.storyboard in Resources */,
			);
			runOnlyForDeploymentPostprocessing = 0;
		};
		422A4927264757AE0060B8AB /* Resources */ = {
			isa = PBXResourcesBuildPhase;
			buildActionMask = 2147483647;
			files = (
			);
			runOnlyForDeploymentPostprocessing = 0;
		};
		422A4932264757AE0060B8AB /* Resources */ = {
			isa = PBXResourcesBuildPhase;
			buildActionMask = 2147483647;
			files = (
			);
			runOnlyForDeploymentPostprocessing = 0;
		};
/* End PBXResourcesBuildPhase section */

/* Begin PBXSourcesBuildPhase section */
		422A490F264757AD0060B8AB /* Sources */ = {
			isa = PBXSourcesBuildPhase;
			buildActionMask = 2147483647;
			files = (
				422A491B264757AD0060B8AB /* ViewController.swift in Sources */,
				422A4917264757AD0060B8AB /* AppDelegate.swift in Sources */,
				422A4919264757AD0060B8AB /* SceneDelegate.swift in Sources */,
			);
			runOnlyForDeploymentPostprocessing = 0;
		};
		422A4925264757AE0060B8AB /* Sources */ = {
			isa = PBXSourcesBuildPhase;
			buildActionMask = 2147483647;
			files = (
				422A492E264757AE0060B8AB /* FRC_ScoutingTests.swift in Sources */,
			);
			runOnlyForDeploymentPostprocessing = 0;
		};
		422A4930264757AE0060B8AB /* Sources */ = {
			isa = PBXSourcesBuildPhase;
			buildActionMask = 2147483647;
			files = (
				422A4939264757AE0060B8AB /* FRC_ScoutingUITests.swift in Sources */,
			);
			runOnlyForDeploymentPostprocessing = 0;
		};
/* End PBXSourcesBuildPhase section */

/* Begin PBXTargetDependency section */
		422A492B264757AE0060B8AB /* PBXTargetDependency */ = {
			isa = PBXTargetDependency;
			target = 422A4912264757AD0060B8AB /* FRC Scouting */;
			targetProxy = 422A492A264757AE0060B8AB /* PBXContainerItemProxy */;
		};
		422A4936264757AE0060B8AB /* PBXTargetDependency */ = {
			isa = PBXTargetDependency;
			target = 422A4912264757AD0060B8AB /* FRC Scouting */;
			targetProxy = 422A4935264757AE0060B8AB /* PBXContainerItemProxy */;
		};
/* End PBXTargetDependency section */

/* Begin PBXVariantGroup section */
		422A491C264757AD0060B8AB /* Main.storyboard */ = {
			isa = PBXVariantGroup;
			children = (
				422A491D264757AD0060B8AB /* Base */,
			);
			name = Main.storyboard;
			sourceTree = "<group>";
		};
		422A4921264757AE0060B8AB /* LaunchScreen.storyboard */ = {
			isa = PBXVariantGroup;
			children = (
				422A4922264757AE0060B8AB /* Base */,
			);
			name = LaunchScreen.storyboard;
			sourceTree = "<group>";
		};
/* End PBXVariantGroup section */

/* Begin XCBuildConfiguration section */
		422A493B264757AE0060B8AB /* Debug */ = {
			isa = XCBuildConfiguration;
			buildSettings = {
				ALWAYS_SEARCH_USER_PATHS = NO;
				CLANG_ANALYZER_NONNULL = YES;
				CLANG_ANALYZER_NUMBER_OBJECT_CONVERSION = YES_AGGRESSIVE;
				CLANG_CXX_LANGUAGE_STANDARD = "gnu++14";
				CLANG_CXX_LIBRARY = "libc++";
				CLANG_ENABLE_MODULES = YES;
				CLANG_ENABLE_OBJC_ARC = YES;
				CLANG_ENABLE_OBJC_WEAK = YES;
				CLANG_WARN_BLOCK_CAPTURE_AUTORELEASING = YES;
				CLANG_WARN_BOOL_CONVERSION = YES;
				CLANG_WARN_COMMA = YES;
				CLANG_WARN_CONSTANT_CONVERSION = YES;
				CLANG_WARN_DEPRECATED_OBJC_IMPLEMENTATIONS = YES;
				CLANG_WARN_DIRECT_OBJC_ISA_USAGE = YES_ERROR;
				CLANG_WARN_DOCUMENTATION_COMMENTS = YES;
				CLANG_WARN_EMPTY_BODY = YES;
				CLANG_WARN_ENUM_CONVERSION = YES;
				CLANG_WARN_INFINITE_RECURSION = YES;
				CLANG_WARN_INT_CONVERSION = YES;
				CLANG_WARN_NON_LITERAL_NULL_CONVERSION = YES;
				CLANG_WARN_OBJC_IMPLICIT_RETAIN_SELF = YES;
				CLANG_WARN_OBJC_LITERAL_CONVERSION = YES;
				CLANG_WARN_OBJC_ROOT_CLASS = YES_ERROR;
				CLANG_WARN_QUOTED_INCLUDE_IN_FRAMEWORK_HEADER = YES;
				CLANG_WARN_RANGE_LOOP_ANALYSIS = YES;
				CLANG_WARN_STRICT_PROTOTYPES = YES;
				CLANG_WARN_SUSPICIOUS_MOVE = YES;
				CLANG_WARN_UNGUARDED_AVAILABILITY = YES_AGGRESSIVE;
				CLANG_WARN_UNREACHABLE_CODE = YES;
				CLANG_WARN__DUPLICATE_METHOD_MATCH = YES;
				COPY_PHASE_STRIP = NO;
				DEBUG_INFORMATION_FORMAT = dwarf;
				ENABLE_STRICT_OBJC_MSGSEND = YES;
				ENABLE_TESTABILITY = YES;
				GCC_C_LANGUAGE_STANDARD = gnu11;
				GCC_DYNAMIC_NO_PIC = NO;
				GCC_NO_COMMON_BLOCKS = YES;
				GCC_OPTIMIZATION_LEVEL = 0;
				GCC_PREPROCESSOR_DEFINITIONS = (
					"DEBUG=1",
					"$(inherited)",
				);
				GCC_WARN_64_TO_32_BIT_CONVERSION = YES;
				GCC_WARN_ABOUT_RETURN_TYPE = YES_ERROR;
				GCC_WARN_UNDECLARED_SELECTOR = YES;
				GCC_WARN_UNINITIALIZED_AUTOS = YES_AGGRESSIVE;
				GCC_WARN_UNUSED_FUNCTION = YES;
				GCC_WARN_UNUSED_VARIABLE = YES;
				IPHONEOS_DEPLOYMENT_TARGET = 14.5;
				MTL_ENABLE_DEBUG_INFO = INCLUDE_SOURCE;
				MTL_FAST_MATH = YES;
				ONLY_ACTIVE_ARCH = YES;
				SDKROOT = iphoneos;
				SWIFT_ACTIVE_COMPILATION_CONDITIONS = DEBUG;
				SWIFT_OPTIMIZATION_LEVEL = "-Onone";
			};
			name = Debug;
		};
		422A493C264757AE0060B8AB /* Release */ = {
			isa = XCBuildConfiguration;
			buildSettings = {
				ALWAYS_SEARCH_USER_PATHS = NO;
				CLANG_ANALYZER_NONNULL = YES;
				CLANG_ANALYZER_NUMBER_OBJECT_CONVERSION = YES_AGGRESSIVE;
				CLANG_CXX_LANGUAGE_STANDARD = "gnu++14";
				CLANG_CXX_LIBRARY = "libc++";
				CLANG_ENABLE_MODULES = YES;
				CLANG_ENABLE_OBJC_ARC = YES;
				CLANG_ENABLE_OBJC_WEAK = YES;
				CLANG_WARN_BLOCK_CAPTURE_AUTORELEASING = YES;
				CLANG_WARN_BOOL_CONVERSION = YES;
				CLANG_WARN_COMMA = YES;
				CLANG_WARN_CONSTANT_CONVERSION = YES;
				CLANG_WARN_DEPRECATED_OBJC_IMPLEMENTATIONS = YES;
				CLANG_WARN_DIRECT_OBJC_ISA_USAGE = YES_ERROR;
				CLANG_WARN_DOCUMENTATION_COMMENTS = YES;
				CLANG_WARN_EMPTY_BODY = YES;
				CLANG_WARN_ENUM_CONVERSION = YES;
				CLANG_WARN_INFINITE_RECURSION = YES;
				CLANG_WARN_INT_CONVERSION = YES;
				CLANG_WARN_NON_LITERAL_NULL_CONVERSION = YES;
				CLANG_WARN_OBJC_IMPLICIT_RETAIN_SELF = YES;
				CLANG_WARN_OBJC_LITERAL_CONVERSION = YES;
				CLANG_WARN_OBJC_ROOT_CLASS = YES_ERROR;
				CLANG_WARN_QUOTED_INCLUDE_IN_FRAMEWORK_HEADER = YES;
				CLANG_WARN_RANGE_LOOP_ANALYSIS = YES;
				CLANG_WARN_STRICT_PROTOTYPES = YES;
				CLANG_WARN_SUSPICIOUS_MOVE = YES;
				CLANG_WARN_UNGUARDED_AVAILABILITY = YES_AGGRESSIVE;
				CLANG_WARN_UNREACHABLE_CODE = YES;
				CLANG_WARN__DUPLICATE_METHOD_MATCH = YES;
				COPY_PHASE_STRIP = NO;
				DEBUG_INFORMATION_FORMAT = "dwarf-with-dsym";
				ENABLE_NS_ASSERTIONS = NO;
				ENABLE_STRICT_OBJC_MSGSEND = YES;
				GCC_C_LANGUAGE_STANDARD = gnu11;
				GCC_NO_COMMON_BLOCKS = YES;
				GCC_WARN_64_TO_32_BIT_CONVERSION = YES;
				GCC_WARN_ABOUT_RETURN_TYPE = YES_ERROR;
				GCC_WARN_UNDECLARED_SELECTOR = YES;
				GCC_WARN_UNINITIALIZED_AUTOS = YES_AGGRESSIVE;
				GCC_WARN_UNUSED_FUNCTION = YES;
				GCC_WARN_UNUSED_VARIABLE = YES;
				IPHONEOS_DEPLOYMENT_TARGET = 14.5;
				MTL_ENABLE_DEBUG_INFO = NO;
				MTL_FAST_MATH = YES;
				SDKROOT = iphoneos;
				SWIFT_COMPILATION_MODE = wholemodule;
				SWIFT_OPTIMIZATION_LEVEL = "-O";
				VALIDATE_PRODUCT = YES;
			};
			name = Release;
		};
		422A493E264757AE0060B8AB /* Debug */ = {
			isa = XCBuildConfiguration;
			buildSettings = {
				ASSETCATALOG_COMPILER_APPICON_NAME = AppIcon;
				ASSETCATALOG_COMPILER_GLOBAL_ACCENT_COLOR_NAME = AccentColor;
				CODE_SIGN_STYLE = Automatic;
				DEVELOPMENT_TEAM = CX33TF45SH;
				INFOPLIST_FILE = "FRC Scouting/Info.plist";
				LD_RUNPATH_SEARCH_PATHS = (
					"$(inherited)",
					"@executable_path/Frameworks",
				);
				PRODUCT_BUNDLE_IDENTIFIER = "com.carlyperdue.FRC-Scouting";
				PRODUCT_NAME = "$(TARGET_NAME)";
				SWIFT_VERSION = 5.0;
				TARGETED_DEVICE_FAMILY = "1,2";
			};
			name = Debug;
		};
		422A493F264757AE0060B8AB /* Release */ = {
			isa = XCBuildConfiguration;
			buildSettings = {
				ASSETCATALOG_COMPILER_APPICON_NAME = AppIcon;
				ASSETCATALOG_COMPILER_GLOBAL_ACCENT_COLOR_NAME = AccentColor;
				CODE_SIGN_STYLE = Automatic;
				DEVELOPMENT_TEAM = CX33TF45SH;
				INFOPLIST_FILE = "FRC Scouting/Info.plist";
				LD_RUNPATH_SEARCH_PATHS = (
					"$(inherited)",
					"@executable_path/Frameworks",
				);
				PRODUCT_BUNDLE_IDENTIFIER = "com.carlyperdue.FRC-Scouting";
				PRODUCT_NAME = "$(TARGET_NAME)";
				SWIFT_VERSION = 5.0;
				TARGETED_DEVICE_FAMILY = "1,2";
			};
			name = Release;
		};
		422A4941264757AE0060B8AB /* Debug */ = {
			isa = XCBuildConfiguration;
			buildSettings = {
				ALWAYS_EMBED_SWIFT_STANDARD_LIBRARIES = YES;
				BUNDLE_LOADER = "$(TEST_HOST)";
				CODE_SIGN_STYLE = Automatic;
				DEVELOPMENT_TEAM = CX33TF45SH;
				INFOPLIST_FILE = "FRC ScoutingTests/Info.plist";
				IPHONEOS_DEPLOYMENT_TARGET = 14.5;
				LD_RUNPATH_SEARCH_PATHS = (
					"$(inherited)",
					"@executable_path/Frameworks",
					"@loader_path/Frameworks",
				);
				PRODUCT_BUNDLE_IDENTIFIER = "com.carlyperdue.FRC-ScoutingTests";
				PRODUCT_NAME = "$(TARGET_NAME)";
				SWIFT_VERSION = 5.0;
				TARGETED_DEVICE_FAMILY = "1,2";
				TEST_HOST = "$(BUILT_PRODUCTS_DIR)/FRC Scouting.app/FRC Scouting";
			};
			name = Debug;
		};
		422A4942264757AE0060B8AB /* Release */ = {
			isa = XCBuildConfiguration;
			buildSettings = {
				ALWAYS_EMBED_SWIFT_STANDARD_LIBRARIES = YES;
				BUNDLE_LOADER = "$(TEST_HOST)";
				CODE_SIGN_STYLE = Automatic;
				DEVELOPMENT_TEAM = CX33TF45SH;
				INFOPLIST_FILE = "FRC ScoutingTests/Info.plist";
				IPHONEOS_DEPLOYMENT_TARGET = 14.5;
				LD_RUNPATH_SEARCH_PATHS = (
					"$(inherited)",
					"@executable_path/Frameworks",
					"@loader_path/Frameworks",
				);
				PRODUCT_BUNDLE_IDENTIFIER = "com.carlyperdue.FRC-ScoutingTests";
				PRODUCT_NAME = "$(TARGET_NAME)";
				SWIFT_VERSION = 5.0;
				TARGETED_DEVICE_FAMILY = "1,2";
				TEST_HOST = "$(BUILT_PRODUCTS_DIR)/FRC Scouting.app/FRC Scouting";
			};
			name = Release;
		};
		422A4944264757AE0060B8AB /* Debug */ = {
			isa = XCBuildConfiguration;
			buildSettings = {
				ALWAYS_EMBED_SWIFT_STANDARD_LIBRARIES = YES;
				CODE_SIGN_STYLE = Automatic;
				DEVELOPMENT_TEAM = CX33TF45SH;
				INFOPLIST_FILE = "FRC ScoutingUITests/Info.plist";
				LD_RUNPATH_SEARCH_PATHS = (
					"$(inherited)",
					"@executable_path/Frameworks",
					"@loader_path/Frameworks",
				);
				PRODUCT_BUNDLE_IDENTIFIER = "com.carlyperdue.FRC-ScoutingUITests";
				PRODUCT_NAME = "$(TARGET_NAME)";
				SWIFT_VERSION = 5.0;
				TARGETED_DEVICE_FAMILY = "1,2";
				TEST_TARGET_NAME = "FRC Scouting";
			};
			name = Debug;
		};
		422A4945264757AE0060B8AB /* Release */ = {
			isa = XCBuildConfiguration;
			buildSettings = {
				ALWAYS_EMBED_SWIFT_STANDARD_LIBRARIES = YES;
				CODE_SIGN_STYLE = Automatic;
				DEVELOPMENT_TEAM = CX33TF45SH;
				INFOPLIST_FILE = "FRC ScoutingUITests/Info.plist";
				LD_RUNPATH_SEARCH_PATHS = (
					"$(inherited)",
					"@executable_path/Frameworks",
					"@loader_path/Frameworks",
				);
				PRODUCT_BUNDLE_IDENTIFIER = "com.carlyperdue.FRC-ScoutingUITests";
				PRODUCT_NAME = "$(TARGET_NAME)";
				SWIFT_VERSION = 5.0;
				TARGETED_DEVICE_FAMILY = "1,2";
				TEST_TARGET_NAME = "FRC Scouting";
			};
			name = Release;
		};
/* End XCBuildConfiguration section */

/* Begin XCConfigurationList section */
		422A490E264757AD0060B8AB /* Build configuration list for PBXProject "FRC Scouting" */ = {
			isa = XCConfigurationList;
			buildConfigurations = (
				422A493B264757AE0060B8AB /* Debug */,
				422A493C264757AE0060B8AB /* Release */,
			);
			defaultConfigurationIsVisible = 0;
			defaultConfigurationName = Release;
		};
		422A493D264757AE0060B8AB /* Build configuration list for PBXNativeTarget "FRC Scouting" */ = {
			isa = XCConfigurationList;
			buildConfigurations = (
				422A493E264757AE0060B8AB /* Debug */,
				422A493F264757AE0060B8AB /* Release */,
			);
			defaultConfigurationIsVisible = 0;
			defaultConfigurationName = Release;
		};
		422A4940264757AE0060B8AB /* Build configuration list for PBXNativeTarget "FRC ScoutingTests" */ = {
			isa = XCConfigurationList;
			buildConfigurations = (
				422A4941264757AE0060B8AB /* Debug */,
				422A4942264757AE0060B8AB /* Release */,
			);
			defaultConfigurationIsVisible = 0;
			defaultConfigurationName = Release;
		};
		422A4943264757AE0060B8AB /* Build configuration list for PBXNativeTarget "FRC ScoutingUITests" */ = {
			isa = XCConfigurationList;
			buildConfigurations = (
				422A4944264757AE0060B8AB /* Debug */,
				422A4945264757AE0060B8AB /* Release */,
			);
			defaultConfigurationIsVisible = 0;
			defaultConfigurationName = Release;
		};
/* End XCConfigurationList section */
	};
	rootObject = 422A490B264757AD0060B8AB /* Project object */;
}
